{
  "name": "IntegrationTests",
  "lockfileVersion": 2,
  "requires": true,
  "packages": {
    "": {
      "dependencies": {
        "javascript-kit-swift": "file:..",
        "uwasi": "^1.2.0"
      }
    },
    "..": {
      "name": "javascript-kit-swift",
      "version": "0.19.2",
      "license": "MIT",
      "devDependencies": {
        "@rollup/plugin-typescript": "^8.3.1",
        "prettier": "2.6.1",
        "rollup": "^2.70.0",
        "tslib": "^2.3.1",
        "typescript": "^4.6.3"
      }
    },
    "../node_modules/prettier": {
      "version": "2.1.2",
      "integrity": "sha512-16c7K+x4qVlJg9rEbXl7HEGmQyZlG4R9AgP+oHKRMsMsuk8s+ATStlf1NpDqyBI1HpVyfjLOeMhH2LvuNvV5Vg==",
      "dev": true,
      "bin": {
        "prettier": "bin-prettier.js"
      },
      "engines": {
        "node": ">=10.13.0"
      }
    },
    "../node_modules/typescript": {
      "version": "4.4.2",
      "integrity": "sha512-gzP+t5W4hdy4c+68bfcv0t400HVJMMd2+H9B7gae1nQlBzCqvrXX+6GL/b3GAgyTH966pzrZ70/fRjwAtZksSQ==",
      "dev": true,
      "bin": {
        "tsc": "bin/tsc",
        "tsserver": "bin/tsserver"
      },
      "engines": {
        "node": ">=4.2.0"
      }
    },
    "node_modules/javascript-kit-swift": {
      "resolved": "..",
      "link": true
    },
    "node_modules/uwasi": {
      "version": "1.2.0",
      "resolved": "https://registry.npmjs.org/uwasi/-/uwasi-1.2.0.tgz",
      "integrity": "sha512-+U3ajjQgx/Xh1/ZNrgH0EzM5qI2czr94oz3DPDwTvUIlM4SFpDjTqJzDA3xcqlTmpp2YGpxApmjwZfablMUoOg=="
    }
  },
  "dependencies": {
    "javascript-kit-swift": {
      "version": "file:..",
      "requires": {
        "@rollup/plugin-typescript": "^8.3.1",
        "prettier": "2.6.1",
        "rollup": "^2.70.0",
        "tslib": "^2.3.1",
        "typescript": "^4.6.3"
      },
      "dependencies": {
        "prettier": {
          "version": "2.1.2",
          "integrity": "sha512-16c7K+x4qVlJg9rEbXl7HEGmQyZlG4R9AgP+oHKRMsMsuk8s+ATStlf1NpDqyBI1HpVyfjLOeMhH2LvuNvV5Vg==",
          "dev": true
        },
        "typescript": {
          "version": "4.4.2",
          "integrity": "sha512-gzP+t5W4hdy4c+68bfcv0t400HVJMMd2+H9B7gae1nQlBzCqvrXX+6GL/b3GAgyTH966pzrZ70/fRjwAtZksSQ==",
          "dev": true
        }
      }
    },
    "uwasi": {
      "version": "1.2.0",
      "resolved": "https://registry.npmjs.org/uwasi/-/uwasi-1.2.0.tgz",
      "integrity": "sha512-+U3ajjQgx/Xh1/ZNrgH0EzM5qI2czr94oz3DPDwTvUIlM4SFpDjTqJzDA3xcqlTmpp2YGpxApmjwZfablMUoOg=="
    }
  }
}
