{
  "originHash" : "a74e3d8c0bd8c183c5f16de5cecf1a0edc0114958084cd41f3b09791f4170399",
  "pins" : [
    {
      "identity" : "chibi-ray",
      "kind" : "remoteSourceControl",
      "location" : "https://github.com/kateinoigakukun/chibi-ray",
      "state" : {
        "revision" : "c8cab621a3338dd2f8e817d3785362409d3b8cf1"
      }
    }
  ],
  "version" : 3
}
