{
  "name": "UseJSPackage",
  "lockfileVersion": 3,
  "requires": true,
  "packages": {
    "": {
      "dependencies": {
        "@types/chroma-js": "^3.1.1",
        "chroma-js": "^3.1.2"
      }
    },
    "node_modules/@types/chroma-js": {
      "version": "3.1.1",
      "resolved": "https://registry.npmjs.org/@types/chroma-js/-/chroma-js-3.1.1.tgz",
      "integrity": "sha512-SFCr4edNkZ1bGaLzGz7rgR1bRzVX4MmMxwsIa3/Bh6ose8v+hRpneoizHv0KChdjxaXyjRtaMq7sCuZSzPomQA=="
    },
    "node_modules/chroma-js": {
      "version": "3.1.2",
      "resolved": "https://registry.npmjs.org/chroma-js/-/chroma-js-3.1.2.tgz",
      "integrity": "sha512-IJnETTalXbsLx1eKEgx19d5L6SRM7cH4vINw/99p/M11HCuXGRWL+6YmCm7FWFGIo6dtWuQoQi1dc5yQ7ESIHg=="
    }
  }
}
